<<<<<<< HEAD
﻿
Microsoft Visual Studio Solution File, Format Version 12.00
# Visual Studio Version 16
VisualStudioVersion = 16.0.31019.35
MinimumVisualStudioVersion = 10.0.40219.1
Project("{9A19103F-16F7-4668-BE54-9A1E7A4F7556}") = "NetCoreNewProj", "NetCoreNewProj\NetCoreNewProj.csproj", "{7D6BCA2F-FF1D-416E-BC15-4F22433EE55E}"
EndProject
Project("{FAE04EC0-301F-11D3-BF4B-00C04F79EFBC}") = "ochko", "ochko\ochko.csproj", "{48CCE51E-C8BE-4A89-B322-8AD70CD82ABC}"
EndProject
Global
	GlobalSection(SolutionConfigurationPlatforms) = preSolution
		Debug|Any CPU = Debug|Any CPU
		Release|Any CPU = Release|Any CPU
	EndGlobalSection
	GlobalSection(ProjectConfigurationPlatforms) = postSolution
		{7D6BCA2F-FF1D-416E-BC15-4F22433EE55E}.Debug|Any CPU.ActiveCfg = Debug|Any CPU
		{7D6BCA2F-FF1D-416E-BC15-4F22433EE55E}.Debug|Any CPU.Build.0 = Debug|Any CPU
		{7D6BCA2F-FF1D-416E-BC15-4F22433EE55E}.Release|Any CPU.ActiveCfg = Release|Any CPU
		{7D6BCA2F-FF1D-416E-BC15-4F22433EE55E}.Release|Any CPU.Build.0 = Release|Any CPU
		{48CCE51E-C8BE-4A89-B322-8AD70CD82ABC}.Debug|Any CPU.ActiveCfg = Debug|Any CPU
		{48CCE51E-C8BE-4A89-B322-8AD70CD82ABC}.Debug|Any CPU.Build.0 = Debug|Any CPU
		{48CCE51E-C8BE-4A89-B322-8AD70CD82ABC}.Release|Any CPU.ActiveCfg = Release|Any CPU
		{48CCE51E-C8BE-4A89-B322-8AD70CD82ABC}.Release|Any CPU.Build.0 = Release|Any CPU
	EndGlobalSection
	GlobalSection(SolutionProperties) = preSolution
		HideSolutionNode = FALSE
	EndGlobalSection
	GlobalSection(ExtensibilityGlobals) = postSolution
		SolutionGuid = {842D388E-32D6-4F51-BB0E-6779C49D0CD0}
	EndGlobalSection
EndGlobal
=======
﻿
Microsoft Visual Studio Solution File, Format Version 12.00
# Visual Studio Version 16
VisualStudioVersion = 16.0.31019.35
MinimumVisualStudioVersion = 10.0.40219.1
Project("{9A19103F-16F7-4668-BE54-9A1E7A4F7556}") = "NetCoreNewProj", "NetCoreNewProj\NetCoreNewProj.csproj", "{7D6BCA2F-FF1D-416E-BC15-4F22433EE55E}"
EndProject
Project("{FAE04EC0-301F-11D3-BF4B-00C04F79EFBC}") = "ochko", "ochko\ochko.csproj", "{48CCE51E-C8BE-4A89-B322-8AD70CD82ABC}"
EndProject
Global
	GlobalSection(SolutionConfigurationPlatforms) = preSolution
		Debug|Any CPU = Debug|Any CPU
		Release|Any CPU = Release|Any CPU
	EndGlobalSection
	GlobalSection(ProjectConfigurationPlatforms) = postSolution
		{7D6BCA2F-FF1D-416E-BC15-4F22433EE55E}.Debug|Any CPU.ActiveCfg = Debug|Any CPU
		{7D6BCA2F-FF1D-416E-BC15-4F22433EE55E}.Debug|Any CPU.Build.0 = Debug|Any CPU
		{7D6BCA2F-FF1D-416E-BC15-4F22433EE55E}.Release|Any CPU.ActiveCfg = Release|Any CPU
		{7D6BCA2F-FF1D-416E-BC15-4F22433EE55E}.Release|Any CPU.Build.0 = Release|Any CPU
		{48CCE51E-C8BE-4A89-B322-8AD70CD82ABC}.Debug|Any CPU.ActiveCfg = Debug|Any CPU
		{48CCE51E-C8BE-4A89-B322-8AD70CD82ABC}.Debug|Any CPU.Build.0 = Debug|Any CPU
		{48CCE51E-C8BE-4A89-B322-8AD70CD82ABC}.Release|Any CPU.ActiveCfg = Release|Any CPU
		{48CCE51E-C8BE-4A89-B322-8AD70CD82ABC}.Release|Any CPU.Build.0 = Release|Any CPU
	EndGlobalSection
	GlobalSection(SolutionProperties) = preSolution
		HideSolutionNode = FALSE
	EndGlobalSection
	GlobalSection(ExtensibilityGlobals) = postSolution
		SolutionGuid = {842D388E-32D6-4F51-BB0E-6779C49D0CD0}
	EndGlobalSection
EndGlobal
>>>>>>> d6ead3e4c3201c9e34fe29d9f9a4408d8798d178
